// !$*UTF8*$!
{
	archiveVersion = 1;
	classes = {
	};
	objectVersion = 55;
	objects = {

/* Begin PBXBuildFile section */
		D18E9E892843EB1A003F2EC7 /* DynamicFilteredView.swift in Sources */ = {isa = PBXBuildFile; fileRef = D18E9E882843EB1A003F2EC7 /* DynamicFilteredView.swift */; };
		D1A1A36A283AC2D6009B7B19 /* Task_ManagerApp.swift in Sources */ = {isa = PBXBuildFile; fileRef = D1A1A369283AC2D6009B7B19 /* Task_ManagerApp.swift */; };
		D1A1A36C283AC2D6009B7B19 /* ContentView.swift in Sources */ = {isa = PBXBuildFile; fileRef = D1A1A36B283AC2D6009B7B19 /* ContentView.swift */; };
		D1A1A36E283AC2D8009B7B19 /* Assets.xcassets in Resources */ = {isa = PBXBuildFile; fileRef = D1A1A36D283AC2D8009B7B19 /* Assets.xcassets */; };
		D1A1A371283AC2D8009B7B19 /* Preview Assets.xcassets in Resources */ = {isa = PBXBuildFile; fileRef = D1A1A370283AC2D8009B7B19 /* Preview Assets.xcassets */; };
		D1A1A373283AC2D8009B7B19 /* Persistence.swift in Sources */ = {isa = PBXBuildFile; fileRef = D1A1A372283AC2D8009B7B19 /* Persistence.swift */; };
		D1A1A376283AC2D8009B7B19 /* Task_Manager.xcdatamodeld in Sources */ = {isa = PBXBuildFile; fileRef = D1A1A374283AC2D8009B7B19 /* Task_Manager.xcdatamodeld */; };
		D1A1A380283AC2D8009B7B19 /* Task_ManagerTests.swift in Sources */ = {isa = PBXBuildFile; fileRef = D1A1A37F283AC2D8009B7B19 /* Task_ManagerTests.swift */; };
		D1A1A38A283AC2D8009B7B19 /* Task_ManagerUITests.swift in Sources */ = {isa = PBXBuildFile; fileRef = D1A1A389283AC2D8009B7B19 /* Task_ManagerUITests.swift */; };
		D1A1A38C283AC2D8009B7B19 /* Task_ManagerUITestsLaunchTests.swift in Sources */ = {isa = PBXBuildFile; fileRef = D1A1A38B283AC2D8009B7B19 /* Task_ManagerUITestsLaunchTests.swift */; };
		D1A1A39B283AC574009B7B19 /* Home.swift in Sources */ = {isa = PBXBuildFile; fileRef = D1A1A39A283AC574009B7B19 /* Home.swift */; };
		D1A1A39D283AEDF7009B7B19 /* TaskViewModel.swift in Sources */ = {isa = PBXBuildFile; fileRef = D1A1A39C283AEDF7009B7B19 /* TaskViewModel.swift */; };
		D1A1A39F283AF705009B7B19 /* CreateNewTask.swift in Sources */ = {isa = PBXBuildFile; fileRef = D1A1A39E283AF705009B7B19 /* CreateNewTask.swift */; };
/* End PBXBuildFile section */

/* Begin PBXContainerItemProxy section */
		D1A1A37C283AC2D8009B7B19 /* PBXContainerItemProxy */ = {
			isa = PBXContainerItemProxy;
			containerPortal = D1A1A35E283AC2D6009B7B19 /* Project object */;
			proxyType = 1;
			remoteGlobalIDString = D1A1A365283AC2D6009B7B19;
			remoteInfo = "Task Manager";
		};
		D1A1A386283AC2D8009B7B19 /* PBXContainerItemProxy */ = {
			isa = PBXContainerItemProxy;
			containerPortal = D1A1A35E283AC2D6009B7B19 /* Project object */;
			proxyType = 1;
			remoteGlobalIDString = D1A1A365283AC2D6009B7B19;
			remoteInfo = "Task Manager";
		};
/* End PBXContainerItemProxy section */

/* Begin PBXFileReference section */
		D18E9E882843EB1A003F2EC7 /* DynamicFilteredView.swift */ = {isa = PBXFileReference; lastKnownFileType = sourcecode.swift; path = DynamicFilteredView.swift; sourceTree = "<group>"; };
		D1A1A366283AC2D6009B7B19 /* Task Manager.app */ = {isa = PBXFileReference; explicitFileType = wrapper.application; includeInIndex = 0; path = "Task Manager.app"; sourceTree = BUILT_PRODUCTS_DIR; };
		D1A1A369283AC2D6009B7B19 /* Task_ManagerApp.swift */ = {isa = PBXFileReference; lastKnownFileType = sourcecode.swift; path = Task_ManagerApp.swift; sourceTree = "<group>"; };
		D1A1A36B283AC2D6009B7B19 /* ContentView.swift */ = {isa = PBXFileReference; lastKnownFileType = sourcecode.swift; path = ContentView.swift; sourceTree = "<group>"; };
		D1A1A36D283AC2D8009B7B19 /* Assets.xcassets */ = {isa = PBXFileReference; lastKnownFileType = folder.assetcatalog; path = Assets.xcassets; sourceTree = "<group>"; };
		D1A1A370283AC2D8009B7B19 /* Preview Assets.xcassets */ = {isa = PBXFileReference; lastKnownFileType = folder.assetcatalog; path = "Preview Assets.xcassets"; sourceTree = "<group>"; };
		D1A1A372283AC2D8009B7B19 /* Persistence.swift */ = {isa = PBXFileReference; lastKnownFileType = sourcecode.swift; path = Persistence.swift; sourceTree = "<group>"; };
		D1A1A375283AC2D8009B7B19 /* Task_Manager.xcdatamodel */ = {isa = PBXFileReference; lastKnownFileType = wrapper.xcdatamodel; path = Task_Manager.xcdatamodel; sourceTree = "<group>"; };
		D1A1A37B283AC2D8009B7B19 /* Task ManagerTests.xctest */ = {isa = PBXFileReference; explicitFileType = wrapper.cfbundle; includeInIndex = 0; path = "Task ManagerTests.xctest"; sourceTree = BUILT_PRODUCTS_DIR; };
		D1A1A37F283AC2D8009B7B19 /* Task_ManagerTests.swift */ = {isa = PBXFileReference; lastKnownFileType = sourcecode.swift; path = Task_ManagerTests.swift; sourceTree = "<group>"; };
		D1A1A385283AC2D8009B7B19 /* Task ManagerUITests.xctest */ = {isa = PBXFileReference; explicitFileType = wrapper.cfbundle; includeInIndex = 0; path = "Task ManagerUITests.xctest"; sourceTree = BUILT_PRODUCTS_DIR; };
		D1A1A389283AC2D8009B7B19 /* Task_ManagerUITests.swift */ = {isa = PBXFileReference; lastKnownFileType = sourcecode.swift; path = Task_ManagerUITests.swift; sourceTree = "<group>"; };
		D1A1A38B283AC2D8009B7B19 /* Task_ManagerUITestsLaunchTests.swift */ = {isa = PBXFileReference; lastKnownFileType = sourcecode.swift; path = Task_ManagerUITestsLaunchTests.swift; sourceTree = "<group>"; };
		D1A1A39A283AC574009B7B19 /* Home.swift */ = {isa = PBXFileReference; lastKnownFileType = sourcecode.swift; path = Home.swift; sourceTree = "<group>"; };
		D1A1A39C283AEDF7009B7B19 /* TaskViewModel.swift */ = {isa = PBXFileReference; lastKnownFileType = sourcecode.swift; path = TaskViewModel.swift; sourceTree = "<group>"; };
		D1A1A39E283AF705009B7B19 /* CreateNewTask.swift */ = {isa = PBXFileReference; lastKnownFileType = sourcecode.swift; path = CreateNewTask.swift; sourceTree = "<group>"; };
/* End PBXFileReference section */

/* Begin PBXFrameworksBuildPhase section */
		D1A1A363283AC2D6009B7B19 /* Frameworks */ = {
			isa = PBXFrameworksBuildPhase;
			buildActionMask = 2147483647;
			files = (
			);
			runOnlyForDeploymentPostprocessing = 0;
		};
		D1A1A378283AC2D8009B7B19 /* Frameworks */ = {
			isa = PBXFrameworksBuildPhase;
			buildActionMask = 2147483647;
			files = (
			);
			runOnlyForDeploymentPostprocessing = 0;
		};
		D1A1A382283AC2D8009B7B19 /* Frameworks */ = {
			isa = PBXFrameworksBuildPhase;
			buildActionMask = 2147483647;
			files = (
			);
			runOnlyForDeploymentPostprocessing = 0;
		};
/* End PBXFrameworksBuildPhase section */

/* Begin PBXGroup section */
		D1A1A35D283AC2D6009B7B19 = {
			isa = PBXGroup;
			children = (
				D1A1A368283AC2D6009B7B19 /* Task Manager */,
				D1A1A37E283AC2D8009B7B19 /* Task ManagerTests */,
				D1A1A388283AC2D8009B7B19 /* Task ManagerUITests */,
				D1A1A367283AC2D6009B7B19 /* Products */,
			);
			sourceTree = "<group>";
		};
		D1A1A367283AC2D6009B7B19 /* Products */ = {
			isa = PBXGroup;
			children = (
				D1A1A366283AC2D6009B7B19 /* Task Manager.app */,
				D1A1A37B283AC2D8009B7B19 /* Task ManagerTests.xctest */,
				D1A1A385283AC2D8009B7B19 /* Task ManagerUITests.xctest */,
			);
			name = Products;
			sourceTree = "<group>";
		};
		D1A1A368283AC2D6009B7B19 /* Task Manager */ = {
			isa = PBXGroup;
			children = (
				D1A1A399283AC51E009B7B19 /* ViewModel */,
				D1A1A398283AC507009B7B19 /* View */,
				D1A1A369283AC2D6009B7B19 /* Task_ManagerApp.swift */,
				D1A1A36B283AC2D6009B7B19 /* ContentView.swift */,
				D1A1A36D283AC2D8009B7B19 /* Assets.xcassets */,
				D1A1A372283AC2D8009B7B19 /* Persistence.swift */,
				D1A1A374283AC2D8009B7B19 /* Task_Manager.xcdatamodeld */,
				D1A1A36F283AC2D8009B7B19 /* Preview Content */,
			);
			path = "Task Manager";
			sourceTree = "<group>";
		};
		D1A1A36F283AC2D8009B7B19 /* Preview Content */ = {
			isa = PBXGroup;
			children = (
				D1A1A370283AC2D8009B7B19 /* Preview Assets.xcassets */,
			);
			path = "Preview Content";
			sourceTree = "<group>";
		};
		D1A1A37E283AC2D8009B7B19 /* Task ManagerTests */ = {
			isa = PBXGroup;
			children = (
				D1A1A37F283AC2D8009B7B19 /* Task_ManagerTests.swift */,
			);
			path = "Task ManagerTests";
			sourceTree = "<group>";
		};
		D1A1A388283AC2D8009B7B19 /* Task ManagerUITests */ = {
			isa = PBXGroup;
			children = (
				D1A1A389283AC2D8009B7B19 /* Task_ManagerUITests.swift */,
				D1A1A38B283AC2D8009B7B19 /* Task_ManagerUITestsLaunchTests.swift */,
			);
			path = "Task ManagerUITests";
			sourceTree = "<group>";
		};
		D1A1A398283AC507009B7B19 /* View */ = {
			isa = PBXGroup;
			children = (
				D1A1A39A283AC574009B7B19 /* Home.swift */,
				D1A1A39E283AF705009B7B19 /* CreateNewTask.swift */,
				D18E9E882843EB1A003F2EC7 /* DynamicFilteredView.swift */,
			);
			path = View;
			sourceTree = "<group>";
		};
		D1A1A399283AC51E009B7B19 /* ViewModel */ = {
			isa = PBXGroup;
			children = (
				D1A1A39C283AEDF7009B7B19 /* TaskViewModel.swift */,
			);
			path = ViewModel;
			sourceTree = "<group>";
		};
/* End PBXGroup section */

/* Begin PBXNativeTarget section */
		D1A1A365283AC2D6009B7B19 /* Task Manager */ = {
			isa = PBXNativeTarget;
			buildConfigurationList = D1A1A38F283AC2D8009B7B19 /* Build configuration list for PBXNativeTarget "Task Manager" */;
			buildPhases = (
				D1A1A362283AC2D6009B7B19 /* Sources */,
				D1A1A363283AC2D6009B7B19 /* Frameworks */,
				D1A1A364283AC2D6009B7B19 /* Resources */,
			);
			buildRules = (
			);
			dependencies = (
			);
			name = "Task Manager";
			productName = "Task Manager";
			productReference = D1A1A366283AC2D6009B7B19 /* Task Manager.app */;
			productType = "com.apple.product-type.application";
		};
		D1A1A37A283AC2D8009B7B19 /* Task ManagerTests */ = {
			isa = PBXNativeTarget;
			buildConfigurationList = D1A1A392283AC2D8009B7B19 /* Build configuration list for PBXNativeTarget "Task ManagerTests" */;
			buildPhases = (
				D1A1A377283AC2D8009B7B19 /* Sources */,
				D1A1A378283AC2D8009B7B19 /* Frameworks */,
				D1A1A379283AC2D8009B7B19 /* Resources */,
			);
			buildRules = (
			);
			dependencies = (
				D1A1A37D283AC2D8009B7B19 /* PBXTargetDependency */,
			);
			name = "Task ManagerTests";
			productName = "Task ManagerTests";
			productReference = D1A1A37B283AC2D8009B7B19 /* Task ManagerTests.xctest */;
			productType = "com.apple.product-type.bundle.unit-test";
		};
		D1A1A384283AC2D8009B7B19 /* Task ManagerUITests */ = {
			isa = PBXNativeTarget;
			buildConfigurationList = D1A1A395283AC2D8009B7B19 /* Build configuration list for PBXNativeTarget "Task ManagerUITests" */;
			buildPhases = (
				D1A1A381283AC2D8009B7B19 /* Sources */,
				D1A1A382283AC2D8009B7B19 /* Frameworks */,
				D1A1A383283AC2D8009B7B19 /* Resources */,
			);
			buildRules = (
			);
			dependencies = (
				D1A1A387283AC2D8009B7B19 /* PBXTargetDependency */,
			);
			name = "Task ManagerUITests";
			productName = "Task ManagerUITests";
			productReference = D1A1A385283AC2D8009B7B19 /* Task ManagerUITests.xctest */;
			productType = "com.apple.product-type.bundle.ui-testing";
		};
/* End PBXNativeTarget section */

/* Begin PBXProject section */
		D1A1A35E283AC2D6009B7B19 /* Project object */ = {
			isa = PBXProject;
			attributes = {
				BuildIndependentTargetsInParallel = 1;
				LastSwiftUpdateCheck = 1340;
				LastUpgradeCheck = 1340;
				TargetAttributes = {
					D1A1A365283AC2D6009B7B19 = {
						CreatedOnToolsVersion = 13.4;
					};
					D1A1A37A283AC2D8009B7B19 = {
						CreatedOnToolsVersion = 13.4;
						TestTargetID = D1A1A365283AC2D6009B7B19;
					};
					D1A1A384283AC2D8009B7B19 = {
						CreatedOnToolsVersion = 13.4;
						TestTargetID = D1A1A365283AC2D6009B7B19;
					};
				};
			};
			buildConfigurationList = D1A1A361283AC2D6009B7B19 /* Build configuration list for PBXProject "Task Manager" */;
			compatibilityVersion = "Xcode 13.0";
			developmentRegion = en;
			hasScannedForEncodings = 0;
			knownRegions = (
				en,
				Base,
			);
			mainGroup = D1A1A35D283AC2D6009B7B19;
			productRefGroup = D1A1A367283AC2D6009B7B19 /* Products */;
			projectDirPath = "";
			projectRoot = "";
			targets = (
				D1A1A365283AC2D6009B7B19 /* Task Manager */,
				D1A1A37A283AC2D8009B7B19 /* Task ManagerTests */,
				D1A1A384283AC2D8009B7B19 /* Task ManagerUITests */,
			);
		};
/* End PBXProject section */

/* Begin PBXResourcesBuildPhase section */
		D1A1A364283AC2D6009B7B19 /* Resources */ = {
			isa = PBXResourcesBuildPhase;
			buildActionMask = 2147483647;
			files = (
				D1A1A371283AC2D8009B7B19 /* Preview Assets.xcassets in Resources */,
				D1A1A36E283AC2D8009B7B19 /* Assets.xcassets in Resources */,
			);
			runOnlyForDeploymentPostprocessing = 0;
		};
		D1A1A379283AC2D8009B7B19 /* Resources */ = {
			isa = PBXResourcesBuildPhase;
			buildActionMask = 2147483647;
			files = (
			);
			runOnlyForDeploymentPostprocessing = 0;
		};
		D1A1A383283AC2D8009B7B19 /* Resources */ = {
			isa = PBXResourcesBuildPhase;
			buildActionMask = 2147483647;
			files = (
			);
			runOnlyForDeploymentPostprocessing = 0;
		};
/* End PBXResourcesBuildPhase section */

/* Begin PBXSourcesBuildPhase section */
		D1A1A362283AC2D6009B7B19 /* Sources */ = {
			isa = PBXSourcesBuildPhase;
			buildActionMask = 2147483647;
			files = (
				D1A1A373283AC2D8009B7B19 /* Persistence.swift in Sources */,
				D1A1A39D283AEDF7009B7B19 /* TaskViewModel.swift in Sources */,
				D1A1A36C283AC2D6009B7B19 /* ContentView.swift in Sources */,
				D18E9E892843EB1A003F2EC7 /* DynamicFilteredView.swift in Sources */,
				D1A1A39B283AC574009B7B19 /* Home.swift in Sources */,
				D1A1A39F283AF705009B7B19 /* CreateNewTask.swift in Sources */,
				D1A1A376283AC2D8009B7B19 /* Task_Manager.xcdatamodeld in Sources */,
				D1A1A36A283AC2D6009B7B19 /* Task_ManagerApp.swift in Sources */,
			);
			runOnlyForDeploymentPostprocessing = 0;
		};
		D1A1A377283AC2D8009B7B19 /* Sources */ = {
			isa = PBXSourcesBuildPhase;
			buildActionMask = 2147483647;
			files = (
				D1A1A380283AC2D8009B7B19 /* Task_ManagerTests.swift in Sources */,
			);
			runOnlyForDeploymentPostprocessing = 0;
		};
		D1A1A381283AC2D8009B7B19 /* Sources */ = {
			isa = PBXSourcesBuildPhase;
			buildActionMask = 2147483647;
			files = (
				D1A1A38A283AC2D8009B7B19 /* Task_ManagerUITests.swift in Sources */,
				D1A1A38C283AC2D8009B7B19 /* Task_ManagerUITestsLaunchTests.swift in Sources */,
			);
			runOnlyForDeploymentPostprocessing = 0;
		};
/* End PBXSourcesBuildPhase section */

/* Begin PBXTargetDependency section */
		D1A1A37D283AC2D8009B7B19 /* PBXTargetDependency */ = {
			isa = PBXTargetDependency;
			target = D1A1A365283AC2D6009B7B19 /* Task Manager */;
			targetProxy = D1A1A37C283AC2D8009B7B19 /* PBXContainerItemProxy */;
		};
		D1A1A387283AC2D8009B7B19 /* PBXTargetDependency */ = {
			isa = PBXTargetDependency;
			target = D1A1A365283AC2D6009B7B19 /* Task Manager */;
			targetProxy = D1A1A386283AC2D8009B7B19 /* PBXContainerItemProxy */;
		};
/* End PBXTargetDependency section */

/* Begin XCBuildConfiguration section */
		D1A1A38D283AC2D8009B7B19 /* Debug */ = {
			isa = XCBuildConfiguration;
			buildSettings = {
				ALWAYS_SEARCH_USER_PATHS = NO;
				CLANG_ANALYZER_NONNULL = YES;
				CLANG_ANALYZER_NUMBER_OBJECT_CONVERSION = YES_AGGRESSIVE;
				CLANG_CXX_LANGUAGE_STANDARD = "gnu++17";
				CLANG_ENABLE_MODULES = YES;
				CLANG_ENABLE_OBJC_ARC = YES;
				CLANG_ENABLE_OBJC_WEAK = YES;
				CLANG_WARN_BLOCK_CAPTURE_AUTORELEASING = YES;
				CLANG_WARN_BOOL_CONVERSION = YES;
				CLANG_WARN_COMMA = YES;
				CLANG_WARN_CONSTANT_CONVERSION = YES;
				CLANG_WARN_DEPRECATED_OBJC_IMPLEMENTATIONS = YES;
				CLANG_WARN_DIRECT_OBJC_ISA_USAGE = YES_ERROR;
				CLANG_WARN_DOCUMENTATION_COMMENTS = YES;
				CLANG_WARN_EMPTY_BODY = YES;
				CLANG_WARN_ENUM_CONVERSION = YES;
				CLANG_WARN_INFINITE_RECURSION = YES;
				CLANG_WARN_INT_CONVERSION = YES;
				CLANG_WARN_NON_LITERAL_NULL_CONVERSION = YES;
				CLANG_WARN_OBJC_IMPLICIT_RETAIN_SELF = YES;
				CLANG_WARN_OBJC_LITERAL_CONVERSION = YES;
				CLANG_WARN_OBJC_ROOT_CLASS = YES_ERROR;
				CLANG_WARN_QUOTED_INCLUDE_IN_FRAMEWORK_HEADER = YES;
				CLANG_WARN_RANGE_LOOP_ANALYSIS = YES;
				CLANG_WARN_STRICT_PROTOTYPES = YES;
				CLANG_WARN_SUSPICIOUS_MOVE = YES;
				CLANG_WARN_UNGUARDED_AVAILABILITY = YES_AGGRESSIVE;
				CLANG_WARN_UNREACHABLE_CODE = YES;
				CLANG_WARN__DUPLICATE_METHOD_MATCH = YES;
				COPY_PHASE_STRIP = NO;
				DEBUG_INFORMATION_FORMAT = dwarf;
				ENABLE_STRICT_OBJC_MSGSEND = YES;
				ENABLE_TESTABILITY = YES;
				GCC_C_LANGUAGE_STANDARD = gnu11;
				GCC_DYNAMIC_NO_PIC = NO;
				GCC_NO_COMMON_BLOCKS = YES;
				GCC_OPTIMIZATION_LEVEL = 0;
				GCC_PREPROCESSOR_DEFINITIONS = (
					"DEBUG=1",
					"$(inherited)",
				);
				GCC_WARN_64_TO_32_BIT_CONVERSION = YES;
				GCC_WARN_ABOUT_RETURN_TYPE = YES_ERROR;
				GCC_WARN_UNDECLARED_SELECTOR = YES;
				GCC_WARN_UNINITIALIZED_AUTOS = YES_AGGRESSIVE;
				GCC_WARN_UNUSED_FUNCTION = YES;
				GCC_WARN_UNUSED_VARIABLE = YES;
				IPHONEOS_DEPLOYMENT_TARGET = 15.5;
				MTL_ENABLE_DEBUG_INFO = INCLUDE_SOURCE;
				MTL_FAST_MATH = YES;
				ONLY_ACTIVE_ARCH = YES;
				SDKROOT = iphoneos;
				SWIFT_ACTIVE_COMPILATION_CONDITIONS = DEBUG;
				SWIFT_OPTIMIZATION_LEVEL = "-Onone";
			};
			name = Debug;
		};
		D1A1A38E283AC2D8009B7B19 /* Release */ = {
			isa = XCBuildConfiguration;
			buildSettings = {
				ALWAYS_SEARCH_USER_PATHS = NO;
				CLANG_ANALYZER_NONNULL = YES;
				CLANG_ANALYZER_NUMBER_OBJECT_CONVERSION = YES_AGGRESSIVE;
				CLANG_CXX_LANGUAGE_STANDARD = "gnu++17";
				CLANG_ENABLE_MODULES = YES;
				CLANG_ENABLE_OBJC_ARC = YES;
				CLANG_ENABLE_OBJC_WEAK = YES;
				CLANG_WARN_BLOCK_CAPTURE_AUTORELEASING = YES;
				CLANG_WARN_BOOL_CONVERSION = YES;
				CLANG_WARN_COMMA = YES;
				CLANG_WARN_CONSTANT_CONVERSION = YES;
				CLANG_WARN_DEPRECATED_OBJC_IMPLEMENTATIONS = YES;
				CLANG_WARN_DIRECT_OBJC_ISA_USAGE = YES_ERROR;
				CLANG_WARN_DOCUMENTATION_COMMENTS = YES;
				CLANG_WARN_EMPTY_BODY = YES;
				CLANG_WARN_ENUM_CONVERSION = YES;
				CLANG_WARN_INFINITE_RECURSION = YES;
				CLANG_WARN_INT_CONVERSION = YES;
				CLANG_WARN_NON_LITERAL_NULL_CONVERSION = YES;
				CLANG_WARN_OBJC_IMPLICIT_RETAIN_SELF = YES;
				CLANG_WARN_OBJC_LITERAL_CONVERSION = YES;
				CLANG_WARN_OBJC_ROOT_CLASS = YES_ERROR;
				CLANG_WARN_QUOTED_INCLUDE_IN_FRAMEWORK_HEADER = YES;
				CLANG_WARN_RANGE_LOOP_ANALYSIS = YES;
				CLANG_WARN_STRICT_PROTOTYPES = YES;
				CLANG_WARN_SUSPICIOUS_MOVE = YES;
				CLANG_WARN_UNGUARDED_AVAILABILITY = YES_AGGRESSIVE;
				CLANG_WARN_UNREACHABLE_CODE = YES;
				CLANG_WARN__DUPLICATE_METHOD_MATCH = YES;
				COPY_PHASE_STRIP = NO;
				DEBUG_INFORMATION_FORMAT = "dwarf-with-dsym";
				ENABLE_NS_ASSERTIONS = NO;
				ENABLE_STRICT_OBJC_MSGSEND = YES;
				GCC_C_LANGUAGE_STANDARD = gnu11;
				GCC_NO_COMMON_BLOCKS = YES;
				GCC_WARN_64_TO_32_BIT_CONVERSION = YES;
				GCC_WARN_ABOUT_RETURN_TYPE = YES_ERROR;
				GCC_WARN_UNDECLARED_SELECTOR = YES;
				GCC_WARN_UNINITIALIZED_AUTOS = YES_AGGRESSIVE;
				GCC_WARN_UNUSED_FUNCTION = YES;
				GCC_WARN_UNUSED_VARIABLE = YES;
				IPHONEOS_DEPLOYMENT_TARGET = 15.5;
				MTL_ENABLE_DEBUG_INFO = NO;
				MTL_FAST_MATH = YES;
				SDKROOT = iphoneos;
				SWIFT_COMPILATION_MODE = wholemodule;
				SWIFT_OPTIMIZATION_LEVEL = "-O";
				VALIDATE_PRODUCT = YES;
			};
			name = Release;
		};
		D1A1A390283AC2D8009B7B19 /* Debug */ = {
			isa = XCBuildConfiguration;
			buildSettings = {
				ASSETCATALOG_COMPILER_APPICON_NAME = AppIcon;
				ASSETCATALOG_COMPILER_GLOBAL_ACCENT_COLOR_NAME = AccentColor;
				CODE_SIGN_STYLE = Automatic;
				CURRENT_PROJECT_VERSION = 1;
				DEVELOPMENT_ASSET_PATHS = "\"Task Manager/Preview Content\"";
				ENABLE_PREVIEWS = YES;
				GENERATE_INFOPLIST_FILE = YES;
				INFOPLIST_KEY_UIApplicationSceneManifest_Generation = YES;
				INFOPLIST_KEY_UIApplicationSupportsIndirectInputEvents = YES;
				INFOPLIST_KEY_UILaunchScreen_Generation = YES;
				INFOPLIST_KEY_UISupportedInterfaceOrientations_iPad = "UIInterfaceOrientationPortrait UIInterfaceOrientationPortraitUpsideDown UIInterfaceOrientationLandscapeLeft UIInterfaceOrientationLandscapeRight";
				INFOPLIST_KEY_UISupportedInterfaceOrientations_iPhone = "UIInterfaceOrientationPortrait UIInterfaceOrientationLandscapeLeft UIInterfaceOrientationLandscapeRight";
				LD_RUNPATH_SEARCH_PATHS = (
					"$(inherited)",
					"@executable_path/Frameworks",
				);
				MARKETING_VERSION = 1.0;
				PRODUCT_BUNDLE_IDENTIFIER = "com.vladtershch.Task-Manager";
				PRODUCT_NAME = "$(TARGET_NAME)";
				SWIFT_EMIT_LOC_STRINGS = YES;
				SWIFT_VERSION = 5.0;
				TARGETED_DEVICE_FAMILY = "1,2";
			};
			name = Debug;
		};
		D1A1A391283AC2D8009B7B19 /* Release */ = {
			isa = XCBuildConfiguration;
			buildSettings = {
				ASSETCATALOG_COMPILER_APPICON_NAME = AppIcon;
				ASSETCATALOG_COMPILER_GLOBAL_ACCENT_COLOR_NAME = AccentColor;
				CODE_SIGN_STYLE = Automatic;
				CURRENT_PROJECT_VERSION = 1;
				DEVELOPMENT_ASSET_PATHS = "\"Task Manager/Preview Content\"";
				ENABLE_PREVIEWS = YES;
				GENERATE_INFOPLIST_FILE = YES;
				INFOPLIST_KEY_UIApplicationSceneManifest_Generation = YES;
				INFOPLIST_KEY_UIApplicationSupportsIndirectInputEvents = YES;
				INFOPLIST_KEY_UILaunchScreen_Generation = YES;
				INFOPLIST_KEY_UISupportedInterfaceOrientations_iPad = "UIInterfaceOrientationPortrait UIInterfaceOrientationPortraitUpsideDown UIInterfaceOrientationLandscapeLeft UIInterfaceOrientationLandscapeRight";
				INFOPLIST_KEY_UISupportedInterfaceOrientations_iPhone = "UIInterfaceOrientationPortrait UIInterfaceOrientationLandscapeLeft UIInterfaceOrientationLandscapeRight";
				LD_RUNPATH_SEARCH_PATHS = (
					"$(inherited)",
					"@executable_path/Frameworks",
				);
				MARKETING_VERSION = 1.0;
				PRODUCT_BUNDLE_IDENTIFIER = "com.vladtershch.Task-Manager";
				PRODUCT_NAME = "$(TARGET_NAME)";
				SWIFT_EMIT_LOC_STRINGS = YES;
				SWIFT_VERSION = 5.0;
				TARGETED_DEVICE_FAMILY = "1,2";
			};
			name = Release;
		};
		D1A1A393283AC2D8009B7B19 /* Debug */ = {
			isa = XCBuildConfiguration;
			buildSettings = {
				ALWAYS_EMBED_SWIFT_STANDARD_LIBRARIES = YES;
				BUNDLE_LOADER = "$(TEST_HOST)";
				CODE_SIGN_STYLE = Automatic;
				CURRENT_PROJECT_VERSION = 1;
				GENERATE_INFOPLIST_FILE = YES;
				IPHONEOS_DEPLOYMENT_TARGET = 15.5;
				MARKETING_VERSION = 1.0;
				PRODUCT_BUNDLE_IDENTIFIER = "com.vladtershch.Task-ManagerTests";
				PRODUCT_NAME = "$(TARGET_NAME)";
				SWIFT_EMIT_LOC_STRINGS = NO;
				SWIFT_VERSION = 5.0;
				TARGETED_DEVICE_FAMILY = "1,2";
				TEST_HOST = "$(BUILT_PRODUCTS_DIR)/Task Manager.app/Task Manager";
			};
			name = Debug;
		};
		D1A1A394283AC2D8009B7B19 /* Release */ = {
			isa = XCBuildConfiguration;
			buildSettings = {
				ALWAYS_EMBED_SWIFT_STANDARD_LIBRARIES = YES;
				BUNDLE_LOADER = "$(TEST_HOST)";
				CODE_SIGN_STYLE = Automatic;
				CURRENT_PROJECT_VERSION = 1;
				GENERATE_INFOPLIST_FILE = YES;
				IPHONEOS_DEPLOYMENT_TARGET = 15.5;
				MARKETING_VERSION = 1.0;
				PRODUCT_BUNDLE_IDENTIFIER = "com.vladtershch.Task-ManagerTests";
				PRODUCT_NAME = "$(TARGET_NAME)";
				SWIFT_EMIT_LOC_STRINGS = NO;
				SWIFT_VERSION = 5.0;
				TARGETED_DEVICE_FAMILY = "1,2";
				TEST_HOST = "$(BUILT_PRODUCTS_DIR)/Task Manager.app/Task Manager";
			};
			name = Release;
		};
		D1A1A396283AC2D8009B7B19 /* Debug */ = {
			isa = XCBuildConfiguration;
			buildSettings = {
				ALWAYS_EMBED_SWIFT_STANDARD_LIBRARIES = YES;
				CODE_SIGN_STYLE = Automatic;
				CURRENT_PROJECT_VERSION = 1;
				GENERATE_INFOPLIST_FILE = YES;
				MARKETING_VERSION = 1.0;
				PRODUCT_BUNDLE_IDENTIFIER = "com.vladtershch.Task-ManagerUITests";
				PRODUCT_NAME = "$(TARGET_NAME)";
				SWIFT_EMIT_LOC_STRINGS = NO;
				SWIFT_VERSION = 5.0;
				TARGETED_DEVICE_FAMILY = "1,2";
				TEST_TARGET_NAME = "Task Manager";
			};
			name = Debug;
		};
		D1A1A397283AC2D8009B7B19 /* Release */ = {
			isa = XCBuildConfiguration;
			buildSettings = {
				ALWAYS_EMBED_SWIFT_STANDARD_LIBRARIES = YES;
				CODE_SIGN_STYLE = Automatic;
				CURRENT_PROJECT_VERSION = 1;
				GENERATE_INFOPLIST_FILE = YES;
				MARKETING_VERSION = 1.0;
				PRODUCT_BUNDLE_IDENTIFIER = "com.vladtershch.Task-ManagerUITests";
				PRODUCT_NAME = "$(TARGET_NAME)";
				SWIFT_EMIT_LOC_STRINGS = NO;
				SWIFT_VERSION = 5.0;
				TARGETED_DEVICE_FAMILY = "1,2";
				TEST_TARGET_NAME = "Task Manager";
			};
			name = Release;
		};
/* End XCBuildConfiguration section */

/* Begin XCConfigurationList section */
		D1A1A361283AC2D6009B7B19 /* Build configuration list for PBXProject "Task Manager" */ = {
			isa = XCConfigurationList;
			buildConfigurations = (
				D1A1A38D283AC2D8009B7B19 /* Debug */,
				D1A1A38E283AC2D8009B7B19 /* Release */,
			);
			defaultConfigurationIsVisible = 0;
			defaultConfigurationName = Release;
		};
		D1A1A38F283AC2D8009B7B19 /* Build configuration list for PBXNativeTarget "Task Manager" */ = {
			isa = XCConfigurationList;
			buildConfigurations = (
				D1A1A390283AC2D8009B7B19 /* Debug */,
				D1A1A391283AC2D8009B7B19 /* Release */,
			);
			defaultConfigurationIsVisible = 0;
			defaultConfigurationName = Release;
		};
		D1A1A392283AC2D8009B7B19 /* Build configuration list for PBXNativeTarget "Task ManagerTests" */ = {
			isa = XCConfigurationList;
			buildConfigurations = (
				D1A1A393283AC2D8009B7B19 /* Debug */,
				D1A1A394283AC2D8009B7B19 /* Release */,
			);
			defaultConfigurationIsVisible = 0;
			defaultConfigurationName = Release;
		};
		D1A1A395283AC2D8009B7B19 /* Build configuration list for PBXNativeTarget "Task ManagerUITests" */ = {
			isa = XCConfigurationList;
			buildConfigurations = (
				D1A1A396283AC2D8009B7B19 /* Debug */,
				D1A1A397283AC2D8009B7B19 /* Release */,
			);
			defaultConfigurationIsVisible = 0;
			defaultConfigurationName = Release;
		};
/* End XCConfigurationList section */

/* Begin XCVersionGroup section */
		D1A1A374283AC2D8009B7B19 /* Task_Manager.xcdatamodeld */ = {
			isa = XCVersionGroup;
			children = (
				D1A1A375283AC2D8009B7B19 /* Task_Manager.xcdatamodel */,
			);
			currentVersion = D1A1A375283AC2D8009B7B19 /* Task_Manager.xcdatamodel */;
			path = Task_Manager.xcdatamodeld;
			sourceTree = "<group>";
			versionGroupType = wrapper.xcdatamodel;
		};
/* End XCVersionGroup section */
	};
	rootObject = D1A1A35E283AC2D6009B7B19 /* Project object */;
}
